{
	"name": "helloworld-minimal-sample",
	"version": "0.0.1",
	"lockfileVersion": 3,
	"requires": true,
	"packages": {
		"": {
			"name": "helloworld-minimal-sample",
			"version": "0.0.1",
			"devDependencies": {
				"@types/vscode": "^1.73.0"
			},
			"engines": {
				"vscode": "^1.74.0"
			}
		},
		"node_modules/@types/vscode": {
			"version": "1.83.1",
			"resolved": "https://registry.npmjs.org/@types/vscode/-/vscode-1.83.1.tgz",
			"integrity": "sha512-BHu51NaNKOtDf3BOonY3sKFFmZKEpRkzqkZVpSYxowLbs5JqjOQemYFob7Gs5rpxE5tiGhfpnMpcdF/oKrLg4w==",
			"dev": true
		}
	}
}
